// !$*UTF8*$!
{
	archiveVersion = 1;
	classes = {
	};
	objectVersion = 55;
	objects = {

/* Begin PBXBuildFile section */
		364F556820B12E56747842BE /* ChampionsList.swift in Sources */ = {isa = PBXBuildFile; fileRef = 364F54DF15A384925FC48139 /* ChampionsList.swift */; };
		364F58AA628EC78A213CE29A /* ChampionsList.swift in Sources */ = {isa = PBXBuildFile; fileRef = 364F54DF15A384925FC48139 /* ChampionsList.swift */; };
		4359E3A828301E4600021A91 /* NetworkImageReference.swift in Sources */ = {isa = PBXBuildFile; fileRef = 4359E3A728301E4600021A91 /* NetworkImageReference.swift */; };
		4359E3A928301E4600021A91 /* NetworkImageReference.swift in Sources */ = {isa = PBXBuildFile; fileRef = 4359E3A728301E4600021A91 /* NetworkImageReference.swift */; };
		4359E3AB28302E2500021A91 /* ChampionView.swift in Sources */ = {isa = PBXBuildFile; fileRef = 4359E3AA28302E2500021A91 /* ChampionView.swift */; };
		4359E3AC28302E2500021A91 /* ChampionView.swift in Sources */ = {isa = PBXBuildFile; fileRef = 4359E3AA28302E2500021A91 /* ChampionView.swift */; };
		4359E3AE28302E6400021A91 /* RawDataImage.swift in Sources */ = {isa = PBXBuildFile; fileRef = 4359E3AD28302E6400021A91 /* RawDataImage.swift */; };
		4359E3AF28302E6400021A91 /* RawDataImage.swift in Sources */ = {isa = PBXBuildFile; fileRef = 4359E3AD28302E6400021A91 /* RawDataImage.swift */; };
		4385FE81282D705C00EAAD02 /* LeagueApp.swift in Sources */ = {isa = PBXBuildFile; fileRef = 4385FE71282D705900EAAD02 /* LeagueApp.swift */; };
		4385FE82282D705C00EAAD02 /* LeagueApp.swift in Sources */ = {isa = PBXBuildFile; fileRef = 4385FE71282D705900EAAD02 /* LeagueApp.swift */; };
		4385FE83282D705C00EAAD02 /* ContentView.swift in Sources */ = {isa = PBXBuildFile; fileRef = 4385FE72282D705900EAAD02 /* ContentView.swift */; };
		4385FE84282D705C00EAAD02 /* ContentView.swift in Sources */ = {isa = PBXBuildFile; fileRef = 4385FE72282D705900EAAD02 /* ContentView.swift */; };
		4385FE85282D705C00EAAD02 /* Assets.xcassets in Resources */ = {isa = PBXBuildFile; fileRef = 4385FE73282D705C00EAAD02 /* Assets.xcassets */; };
		4385FE86282D705C00EAAD02 /* Assets.xcassets in Resources */ = {isa = PBXBuildFile; fileRef = 4385FE73282D705C00EAAD02 /* Assets.xcassets */; };
		4385FE95282D7D9E00EAAD02 /* API.swift in Sources */ = {isa = PBXBuildFile; fileRef = 4385FE94282D7D9E00EAAD02 /* API.swift */; };
		4385FE97282D7E2400EAAD02 /* AppState.swift in Sources */ = {isa = PBXBuildFile; fileRef = 4385FE96282D7E2400EAAD02 /* AppState.swift */; };
		4385FE98282D7E2400EAAD02 /* AppState.swift in Sources */ = {isa = PBXBuildFile; fileRef = 4385FE96282D7E2400EAAD02 /* AppState.swift */; };
		4385FE99282D816900EAAD02 /* API.swift in Sources */ = {isa = PBXBuildFile; fileRef = 4385FE94282D7D9E00EAAD02 /* API.swift */; };
		438B68DC285AE81200424E43 /* ImageViewer.swift in Sources */ = {isa = PBXBuildFile; fileRef = 438B68DB285AE81200424E43 /* ImageViewer.swift */; };
		43B04910284521570075CEC4 /* CacheRawData.swift in Sources */ = {isa = PBXBuildFile; fileRef = 43B0490F284521570075CEC4 /* CacheRawData.swift */; };
		43B04911284521570075CEC4 /* CacheRawData.swift in Sources */ = {isa = PBXBuildFile; fileRef = 43B0490F284521570075CEC4 /* CacheRawData.swift */; };
/* End PBXBuildFile section */

/* Begin PBXFileReference section */
		364F54DF15A384925FC48139 /* ChampionsList.swift */ = {isa = PBXFileReference; fileEncoding = 4; lastKnownFileType = sourcecode.swift; path = ChampionsList.swift; sourceTree = "<group>"; };
		4359E3A728301E4600021A91 /* NetworkImageReference.swift */ = {isa = PBXFileReference; lastKnownFileType = sourcecode.swift; path = NetworkImageReference.swift; sourceTree = "<group>"; };
		4359E3AA28302E2500021A91 /* ChampionView.swift */ = {isa = PBXFileReference; lastKnownFileType = sourcecode.swift; path = ChampionView.swift; sourceTree = "<group>"; };
		4359E3AD28302E6400021A91 /* RawDataImage.swift */ = {isa = PBXFileReference; lastKnownFileType = sourcecode.swift; path = RawDataImage.swift; sourceTree = "<group>"; };
		4385FE71282D705900EAAD02 /* LeagueApp.swift */ = {isa = PBXFileReference; lastKnownFileType = sourcecode.swift; path = LeagueApp.swift; sourceTree = "<group>"; };
		4385FE72282D705900EAAD02 /* ContentView.swift */ = {isa = PBXFileReference; lastKnownFileType = sourcecode.swift; path = ContentView.swift; sourceTree = "<group>"; };
		4385FE73282D705C00EAAD02 /* Assets.xcassets */ = {isa = PBXFileReference; lastKnownFileType = folder.assetcatalog; path = Assets.xcassets; sourceTree = "<group>"; };
		4385FE78282D705C00EAAD02 /* League.app */ = {isa = PBXFileReference; explicitFileType = wrapper.application; includeInIndex = 0; path = League.app; sourceTree = BUILT_PRODUCTS_DIR; };
		4385FE7E282D705C00EAAD02 /* League.app */ = {isa = PBXFileReference; explicitFileType = wrapper.application; includeInIndex = 0; path = League.app; sourceTree = BUILT_PRODUCTS_DIR; };
		4385FE80282D705C00EAAD02 /* macOS.entitlements */ = {isa = PBXFileReference; lastKnownFileType = text.plist.entitlements; path = macOS.entitlements; sourceTree = "<group>"; };
		4385FE92282D7C2D00EAAD02 /* disableSideBar.swift */ = {isa = PBXFileReference; lastKnownFileType = sourcecode.swift; path = disableSideBar.swift; sourceTree = "<group>"; };
		4385FE94282D7D9E00EAAD02 /* API.swift */ = {isa = PBXFileReference; lastKnownFileType = sourcecode.swift; path = API.swift; sourceTree = "<group>"; };
		4385FE96282D7E2400EAAD02 /* AppState.swift */ = {isa = PBXFileReference; lastKnownFileType = sourcecode.swift; path = AppState.swift; sourceTree = "<group>"; };
		438B68DB285AE81200424E43 /* ImageViewer.swift */ = {isa = PBXFileReference; lastKnownFileType = sourcecode.swift; name = ImageViewer.swift; path = Shared/ImageViewer.swift; sourceTree = SOURCE_ROOT; };
		43B0490F284521570075CEC4 /* CacheRawData.swift */ = {isa = PBXFileReference; lastKnownFileType = sourcecode.swift; path = CacheRawData.swift; sourceTree = "<group>"; };
/* End PBXFileReference section */

/* Begin PBXFrameworksBuildPhase section */
		4385FE75282D705C00EAAD02 /* Frameworks */ = {
			isa = PBXFrameworksBuildPhase;
			buildActionMask = 2147483647;
			files = (
			);
			runOnlyForDeploymentPostprocessing = 0;
		};
		4385FE7B282D705C00EAAD02 /* Frameworks */ = {
			isa = PBXFrameworksBuildPhase;
			buildActionMask = 2147483647;
			files = (
			);
			runOnlyForDeploymentPostprocessing = 0;
		};
/* End PBXFrameworksBuildPhase section */

/* Begin PBXGroup section */
		364F5B42AD2DFBAB92C4E365 /* Screens */ = {
			isa = PBXGroup;
			children = (
				364F54DF15A384925FC48139 /* ChampionsList.swift */,
			);
			path = Screens;
			sourceTree = "<group>";
		};
		4385FE6B282D705900EAAD02 = {
			isa = PBXGroup;
			children = (
				4385FE70282D705900EAAD02 /* Shared */,
				4385FE7F282D705C00EAAD02 /* macOS */,
				4385FE79282D705C00EAAD02 /* Products */,
			);
			sourceTree = "<group>";
		};
		4385FE70282D705900EAAD02 /* Shared */ = {
			isa = PBXGroup;
			children = (
				4385FE71282D705900EAAD02 /* LeagueApp.swift */,
				4385FE72282D705900EAAD02 /* ContentView.swift */,
				4385FE73282D705C00EAAD02 /* Assets.xcassets */,
				4385FE94282D7D9E00EAAD02 /* API.swift */,
				4385FE96282D7E2400EAAD02 /* AppState.swift */,
				4359E3A728301E4600021A91 /* NetworkImageReference.swift */,
				4359E3AA28302E2500021A91 /* ChampionView.swift */,
				4359E3AD28302E6400021A91 /* RawDataImage.swift */,
				43B0490F284521570075CEC4 /* CacheRawData.swift */,
				364F5B42AD2DFBAB92C4E365 /* Screens */,
			);
			path = Shared;
			sourceTree = "<group>";
		};
		4385FE79282D705C00EAAD02 /* Products */ = {
			isa = PBXGroup;
			children = (
				4385FE78282D705C00EAAD02 /* League.app */,
				4385FE7E282D705C00EAAD02 /* League.app */,
			);
			name = Products;
			sourceTree = "<group>";
		};
		4385FE7F282D705C00EAAD02 /* macOS */ = {
			isa = PBXGroup;
			children = (
				438B68DB285AE81200424E43 /* ImageViewer.swift */,
				4385FE80282D705C00EAAD02 /* macOS.entitlements */,
				4385FE92282D7C2D00EAAD02 /* disableSideBar.swift */,
			);
			path = macOS;
			sourceTree = "<group>";
		};
/* End PBXGroup section */

/* Begin PBXNativeTarget section */
		4385FE77282D705C00EAAD02 /* League (iOS) */ = {
			isa = PBXNativeTarget;
			buildConfigurationList = 4385FE89282D705C00EAAD02 /* Build configuration list for PBXNativeTarget "League (iOS)" */;
			buildPhases = (
				4385FE74282D705C00EAAD02 /* Sources */,
				4385FE75282D705C00EAAD02 /* Frameworks */,
				4385FE76282D705C00EAAD02 /* Resources */,
			);
			buildRules = (
			);
			dependencies = (
			);
			name = "League (iOS)";
			productName = "League (iOS)";
			productReference = 4385FE78282D705C00EAAD02 /* League.app */;
			productType = "com.apple.product-type.application";
		};
		4385FE7D282D705C00EAAD02 /* League (macOS) */ = {
			isa = PBXNativeTarget;
			buildConfigurationList = 4385FE8C282D705C00EAAD02 /* Build configuration list for PBXNativeTarget "League (macOS)" */;
			buildPhases = (
				4385FE7A282D705C00EAAD02 /* Sources */,
				4385FE7B282D705C00EAAD02 /* Frameworks */,
				4385FE7C282D705C00EAAD02 /* Resources */,
			);
			buildRules = (
			);
			dependencies = (
			);
			name = "League (macOS)";
			packageProductDependencies = (
			);
			productName = "League (macOS)";
			productReference = 4385FE7E282D705C00EAAD02 /* League.app */;
			productType = "com.apple.product-type.application";
		};
/* End PBXNativeTarget section */

/* Begin PBXProject section */
		4385FE6C282D705900EAAD02 /* Project object */ = {
			isa = PBXProject;
			attributes = {
				BuildIndependentTargetsInParallel = 1;
				LastSwiftUpdateCheck = 1330;
				LastUpgradeCheck = 1330;
				TargetAttributes = {
					4385FE77282D705C00EAAD02 = {
						CreatedOnToolsVersion = 13.3.1;
					};
					4385FE7D282D705C00EAAD02 = {
						CreatedOnToolsVersion = 13.3.1;
					};
				};
			};
			buildConfigurationList = 4385FE6F282D705900EAAD02 /* Build configuration list for PBXProject "League" */;
			compatibilityVersion = "Xcode 13.0";
			developmentRegion = en;
			hasScannedForEncodings = 0;
			knownRegions = (
				en,
				Base,
			);
			mainGroup = 4385FE6B282D705900EAAD02;
			packageReferences = (
			);
			productRefGroup = 4385FE79282D705C00EAAD02 /* Products */;
			projectDirPath = "";
			projectRoot = "";
			targets = (
				4385FE77282D705C00EAAD02 /* League (iOS) */,
				4385FE7D282D705C00EAAD02 /* League (macOS) */,
			);
		};
/* End PBXProject section */

/* Begin PBXResourcesBuildPhase section */
		4385FE76282D705C00EAAD02 /* Resources */ = {
			isa = PBXResourcesBuildPhase;
			buildActionMask = 2147483647;
			files = (
				4385FE85282D705C00EAAD02 /* Assets.xcassets in Resources */,
			);
			runOnlyForDeploymentPostprocessing = 0;
		};
		4385FE7C282D705C00EAAD02 /* Resources */ = {
			isa = PBXResourcesBuildPhase;
			buildActionMask = 2147483647;
			files = (
				4385FE86282D705C00EAAD02 /* Assets.xcassets in Resources */,
			);
			runOnlyForDeploymentPostprocessing = 0;
		};
/* End PBXResourcesBuildPhase section */

/* Begin PBXSourcesBuildPhase section */
		4385FE74282D705C00EAAD02 /* Sources */ = {
			isa = PBXSourcesBuildPhase;
			buildActionMask = 2147483647;
			files = (
				4359E3A828301E4600021A91 /* NetworkImageReference.swift in Sources */,
				4385FE83282D705C00EAAD02 /* ContentView.swift in Sources */,
				4385FE81282D705C00EAAD02 /* LeagueApp.swift in Sources */,
				4359E3AB28302E2500021A91 /* ChampionView.swift in Sources */,
				4385FE99282D816900EAAD02 /* API.swift in Sources */,
				43B04910284521570075CEC4 /* CacheRawData.swift in Sources */,
				4359E3AE28302E6400021A91 /* RawDataImage.swift in Sources */,
				4385FE97282D7E2400EAAD02 /* AppState.swift in Sources */,
				364F556820B12E56747842BE /* ChampionsList.swift in Sources */,
			);
			runOnlyForDeploymentPostprocessing = 0;
		};
		4385FE7A282D705C00EAAD02 /* Sources */ = {
			isa = PBXSourcesBuildPhase;
			buildActionMask = 2147483647;
			files = (
				4359E3A928301E4600021A91 /* NetworkImageReference.swift in Sources */,
				4385FE84282D705C00EAAD02 /* ContentView.swift in Sources */,
				4385FE95282D7D9E00EAAD02 /* API.swift in Sources */,
				4359E3AC28302E2500021A91 /* ChampionView.swift in Sources */,
				4385FE98282D7E2400EAAD02 /* AppState.swift in Sources */,
				43B04911284521570075CEC4 /* CacheRawData.swift in Sources */,
				438B68DC285AE81200424E43 /* ImageViewer.swift in Sources */,
				4359E3AF28302E6400021A91 /* RawDataImage.swift in Sources */,
				4385FE82282D705C00EAAD02 /* LeagueApp.swift in Sources */,
				364F58AA628EC78A213CE29A /* ChampionsList.swift in Sources */,
			);
			runOnlyForDeploymentPostprocessing = 0;
		};
/* End PBXSourcesBuildPhase section */

/* Begin XCBuildConfiguration section */
		4385FE87282D705C00EAAD02 /* Debug */ = {
			isa = XCBuildConfiguration;
			buildSettings = {
				ALWAYS_SEARCH_USER_PATHS = NO;
				CLANG_ANALYZER_NONNULL = YES;
				CLANG_ANALYZER_NUMBER_OBJECT_CONVERSION = YES_AGGRESSIVE;
				CLANG_CXX_LANGUAGE_STANDARD = "gnu++17";
				CLANG_ENABLE_MODULES = YES;
				CLANG_ENABLE_OBJC_ARC = YES;
				CLANG_ENABLE_OBJC_WEAK = YES;
				CLANG_WARN_BLOCK_CAPTURE_AUTORELEASING = YES;
				CLANG_WARN_BOOL_CONVERSION = YES;
				CLANG_WARN_COMMA = YES;
				CLANG_WARN_CONSTANT_CONVERSION = YES;
				CLANG_WARN_DEPRECATED_OBJC_IMPLEMENTATIONS = YES;
				CLANG_WARN_DIRECT_OBJC_ISA_USAGE = YES_ERROR;
				CLANG_WARN_DOCUMENTATION_COMMENTS = YES;
				CLANG_WARN_EMPTY_BODY = YES;
				CLANG_WARN_ENUM_CONVERSION = YES;
				CLANG_WARN_INFINITE_RECURSION = YES;
				CLANG_WARN_INT_CONVERSION = YES;
				CLANG_WARN_NON_LITERAL_NULL_CONVERSION = YES;
				CLANG_WARN_OBJC_IMPLICIT_RETAIN_SELF = YES;
				CLANG_WARN_OBJC_LITERAL_CONVERSION = YES;
				CLANG_WARN_OBJC_ROOT_CLASS = YES_ERROR;
				CLANG_WARN_QUOTED_INCLUDE_IN_FRAMEWORK_HEADER = YES;
				CLANG_WARN_RANGE_LOOP_ANALYSIS = YES;
				CLANG_WARN_STRICT_PROTOTYPES = YES;
				CLANG_WARN_SUSPICIOUS_MOVE = YES;
				CLANG_WARN_UNGUARDED_AVAILABILITY = YES_AGGRESSIVE;
				CLANG_WARN_UNREACHABLE_CODE = YES;
				CLANG_WARN__DUPLICATE_METHOD_MATCH = YES;
				COPY_PHASE_STRIP = NO;
				DEBUG_INFORMATION_FORMAT = dwarf;
				ENABLE_STRICT_OBJC_MSGSEND = YES;
				ENABLE_TESTABILITY = YES;
				GCC_C_LANGUAGE_STANDARD = gnu11;
				GCC_DYNAMIC_NO_PIC = NO;
				GCC_NO_COMMON_BLOCKS = YES;
				GCC_OPTIMIZATION_LEVEL = 0;
				GCC_PREPROCESSOR_DEFINITIONS = (
					"DEBUG=1",
					"$(inherited)",
				);
				GCC_WARN_64_TO_32_BIT_CONVERSION = YES;
				GCC_WARN_ABOUT_RETURN_TYPE = YES_ERROR;
				GCC_WARN_UNDECLARED_SELECTOR = YES;
				GCC_WARN_UNINITIALIZED_AUTOS = YES_AGGRESSIVE;
				GCC_WARN_UNUSED_FUNCTION = YES;
				GCC_WARN_UNUSED_VARIABLE = YES;
				MTL_ENABLE_DEBUG_INFO = INCLUDE_SOURCE;
				MTL_FAST_MATH = YES;
				ONLY_ACTIVE_ARCH = YES;
				SWIFT_ACTIVE_COMPILATION_CONDITIONS = DEBUG;
				SWIFT_OPTIMIZATION_LEVEL = "-Onone";
			};
			name = Debug;
		};
		4385FE88282D705C00EAAD02 /* Release */ = {
			isa = XCBuildConfiguration;
			buildSettings = {
				ALWAYS_SEARCH_USER_PATHS = NO;
				CLANG_ANALYZER_NONNULL = YES;
				CLANG_ANALYZER_NUMBER_OBJECT_CONVERSION = YES_AGGRESSIVE;
				CLANG_CXX_LANGUAGE_STANDARD = "gnu++17";
				CLANG_ENABLE_MODULES = YES;
				CLANG_ENABLE_OBJC_ARC = YES;
				CLANG_ENABLE_OBJC_WEAK = YES;
				CLANG_WARN_BLOCK_CAPTURE_AUTORELEASING = YES;
				CLANG_WARN_BOOL_CONVERSION = YES;
				CLANG_WARN_COMMA = YES;
				CLANG_WARN_CONSTANT_CONVERSION = YES;
				CLANG_WARN_DEPRECATED_OBJC_IMPLEMENTATIONS = YES;
				CLANG_WARN_DIRECT_OBJC_ISA_USAGE = YES_ERROR;
				CLANG_WARN_DOCUMENTATION_COMMENTS = YES;
				CLANG_WARN_EMPTY_BODY = YES;
				CLANG_WARN_ENUM_CONVERSION = YES;
				CLANG_WARN_INFINITE_RECURSION = YES;
				CLANG_WARN_INT_CONVERSION = YES;
				CLANG_WARN_NON_LITERAL_NULL_CONVERSION = YES;
				CLANG_WARN_OBJC_IMPLICIT_RETAIN_SELF = YES;
				CLANG_WARN_OBJC_LITERAL_CONVERSION = YES;
				CLANG_WARN_OBJC_ROOT_CLASS = YES_ERROR;
				CLANG_WARN_QUOTED_INCLUDE_IN_FRAMEWORK_HEADER = YES;
				CLANG_WARN_RANGE_LOOP_ANALYSIS = YES;
				CLANG_WARN_STRICT_PROTOTYPES = YES;
				CLANG_WARN_SUSPICIOUS_MOVE = YES;
				CLANG_WARN_UNGUARDED_AVAILABILITY = YES_AGGRESSIVE;
				CLANG_WARN_UNREACHABLE_CODE = YES;
				CLANG_WARN__DUPLICATE_METHOD_MATCH = YES;
				COPY_PHASE_STRIP = NO;
				DEBUG_INFORMATION_FORMAT = "dwarf-with-dsym";
				ENABLE_NS_ASSERTIONS = NO;
				ENABLE_STRICT_OBJC_MSGSEND = YES;
				GCC_C_LANGUAGE_STANDARD = gnu11;
				GCC_NO_COMMON_BLOCKS = YES;
				GCC_WARN_64_TO_32_BIT_CONVERSION = YES;
				GCC_WARN_ABOUT_RETURN_TYPE = YES_ERROR;
				GCC_WARN_UNDECLARED_SELECTOR = YES;
				GCC_WARN_UNINITIALIZED_AUTOS = YES_AGGRESSIVE;
				GCC_WARN_UNUSED_FUNCTION = YES;
				GCC_WARN_UNUSED_VARIABLE = YES;
				MTL_ENABLE_DEBUG_INFO = NO;
				MTL_FAST_MATH = YES;
				SWIFT_COMPILATION_MODE = wholemodule;
				SWIFT_OPTIMIZATION_LEVEL = "-O";
			};
			name = Release;
		};
		4385FE8A282D705C00EAAD02 /* Debug */ = {
			isa = XCBuildConfiguration;
			buildSettings = {
				ASSETCATALOG_COMPILER_APPICON_NAME = AppIcon;
				ASSETCATALOG_COMPILER_GLOBAL_ACCENT_COLOR_NAME = AccentColor;
				CODE_SIGN_STYLE = Automatic;
				CURRENT_PROJECT_VERSION = 1;
				DEVELOPMENT_TEAM = A69YUP4S93;
				ENABLE_PREVIEWS = YES;
				GENERATE_INFOPLIST_FILE = YES;
				INFOPLIST_KEY_UIApplicationSceneManifest_Generation = YES;
				INFOPLIST_KEY_UIApplicationSupportsIndirectInputEvents = YES;
				INFOPLIST_KEY_UILaunchScreen_Generation = YES;
				INFOPLIST_KEY_UISupportedInterfaceOrientations_iPad = "UIInterfaceOrientationPortrait UIInterfaceOrientationPortraitUpsideDown UIInterfaceOrientationLandscapeLeft UIInterfaceOrientationLandscapeRight";
				INFOPLIST_KEY_UISupportedInterfaceOrientations_iPhone = "UIInterfaceOrientationPortrait UIInterfaceOrientationLandscapeLeft UIInterfaceOrientationLandscapeRight";
				IPHONEOS_DEPLOYMENT_TARGET = 15.4;
				LD_RUNPATH_SEARCH_PATHS = (
					"$(inherited)",
					"@executable_path/Frameworks",
				);
				MARKETING_VERSION = 1.0;
				PRODUCT_BUNDLE_IDENTIFIER = Sveagruva.League;
				PRODUCT_NAME = League;
				SDKROOT = iphoneos;
				SWIFT_EMIT_LOC_STRINGS = YES;
				SWIFT_VERSION = 5.0;
				TARGETED_DEVICE_FAMILY = "1,2";
			};
			name = Debug;
		};
		4385FE8B282D705C00EAAD02 /* Release */ = {
			isa = XCBuildConfiguration;
			buildSettings = {
				ASSETCATALOG_COMPILER_APPICON_NAME = AppIcon;
				ASSETCATALOG_COMPILER_GLOBAL_ACCENT_COLOR_NAME = AccentColor;
				CODE_SIGN_STYLE = Automatic;
				CURRENT_PROJECT_VERSION = 1;
				DEVELOPMENT_TEAM = A69YUP4S93;
				ENABLE_PREVIEWS = YES;
				GENERATE_INFOPLIST_FILE = YES;
				INFOPLIST_KEY_UIApplicationSceneManifest_Generation = YES;
				INFOPLIST_KEY_UIApplicationSupportsIndirectInputEvents = YES;
				INFOPLIST_KEY_UILaunchScreen_Generation = YES;
				INFOPLIST_KEY_UISupportedInterfaceOrientations_iPad = "UIInterfaceOrientationPortrait UIInterfaceOrientationPortraitUpsideDown UIInterfaceOrientationLandscapeLeft UIInterfaceOrientationLandscapeRight";
				INFOPLIST_KEY_UISupportedInterfaceOrientations_iPhone = "UIInterfaceOrientationPortrait UIInterfaceOrientationLandscapeLeft UIInterfaceOrientationLandscapeRight";
				IPHONEOS_DEPLOYMENT_TARGET = 15.4;
				LD_RUNPATH_SEARCH_PATHS = (
					"$(inherited)",
					"@executable_path/Frameworks",
				);
				MARKETING_VERSION = 1.0;
				PRODUCT_BUNDLE_IDENTIFIER = Sveagruva.League;
				PRODUCT_NAME = League;
				SDKROOT = iphoneos;
				SWIFT_EMIT_LOC_STRINGS = YES;
				SWIFT_VERSION = 5.0;
				TARGETED_DEVICE_FAMILY = "1,2";
				VALIDATE_PRODUCT = YES;
			};
			name = Release;
		};
		4385FE8D282D705C00EAAD02 /* Debug */ = {
			isa = XCBuildConfiguration;
			buildSettings = {
				ASSETCATALOG_COMPILER_APPICON_NAME = AppIcon;
				ASSETCATALOG_COMPILER_GLOBAL_ACCENT_COLOR_NAME = AccentColor;
				CODE_SIGN_ENTITLEMENTS = macOS/macOS.entitlements;
				CODE_SIGN_IDENTITY = "-";
				CODE_SIGN_STYLE = Automatic;
				COMBINE_HIDPI_IMAGES = YES;
				CURRENT_PROJECT_VERSION = 1;
				DEVELOPMENT_TEAM = A69YUP4S93;
				ENABLE_HARDENED_RUNTIME = YES;
				ENABLE_PREVIEWS = YES;
				GENERATE_INFOPLIST_FILE = YES;
				INFOPLIST_KEY_NSHumanReadableCopyright = "";
				LD_RUNPATH_SEARCH_PATHS = (
					"$(inherited)",
					"@executable_path/../Frameworks",
				);
				MACOSX_DEPLOYMENT_TARGET = 12.3;
				MARKETING_VERSION = 1.0;
				PRODUCT_BUNDLE_IDENTIFIER = Sveagruva.League;
				PRODUCT_NAME = League;
				SDKROOT = macosx;
				SWIFT_EMIT_LOC_STRINGS = YES;
				SWIFT_VERSION = 5.0;
			};
			name = Debug;
		};
		4385FE8E282D705C00EAAD02 /* Release */ = {
			isa = XCBuildConfiguration;
			buildSettings = {
				ASSETCATALOG_COMPILER_APPICON_NAME = AppIcon;
				ASSETCATALOG_COMPILER_GLOBAL_ACCENT_COLOR_NAME = AccentColor;
				CODE_SIGN_ENTITLEMENTS = macOS/macOS.entitlements;
				CODE_SIGN_IDENTITY = "-";
				CODE_SIGN_STYLE = Automatic;
				COMBINE_HIDPI_IMAGES = YES;
				CURRENT_PROJECT_VERSION = 1;
				DEVELOPMENT_TEAM = A69YUP4S93;
				ENABLE_HARDENED_RUNTIME = YES;
				ENABLE_PREVIEWS = YES;
				GENERATE_INFOPLIST_FILE = YES;
				INFOPLIST_KEY_NSHumanReadableCopyright = "";
				LD_RUNPATH_SEARCH_PATHS = (
					"$(inherited)",
					"@executable_path/../Frameworks",
				);
				MACOSX_DEPLOYMENT_TARGET = 12.3;
				MARKETING_VERSION = 1.0;
				PRODUCT_BUNDLE_IDENTIFIER = Sveagruva.League;
				PRODUCT_NAME = League;
				SDKROOT = macosx;
				SWIFT_EMIT_LOC_STRINGS = YES;
				SWIFT_VERSION = 5.0;
			};
			name = Release;
		};
/* End XCBuildConfiguration section */

/* Begin XCConfigurationList section */
		4385FE6F282D705900EAAD02 /* Build configuration list for PBXProject "League" */ = {
			isa = XCConfigurationList;
			buildConfigurations = (
				4385FE87282D705C00EAAD02 /* Debug */,
				4385FE88282D705C00EAAD02 /* Release */,
			);
			defaultConfigurationIsVisible = 0;
			defaultConfigurationName = Release;
		};
		4385FE89282D705C00EAAD02 /* Build configuration list for PBXNativeTarget "League (iOS)" */ = {
			isa = XCConfigurationList;
			buildConfigurations = (
				4385FE8A282D705C00EAAD02 /* Debug */,
				4385FE8B282D705C00EAAD02 /* Release */,
			);
			defaultConfigurationIsVisible = 0;
			defaultConfigurationName = Release;
		};
		4385FE8C282D705C00EAAD02 /* Build configuration list for PBXNativeTarget "League (macOS)" */ = {
			isa = XCConfigurationList;
			buildConfigurations = (
				4385FE8D282D705C00EAAD02 /* Debug */,
				4385FE8E282D705C00EAAD02 /* Release */,
			);
			defaultConfigurationIsVisible = 0;
			defaultConfigurationName = Release;
		};
/* End XCConfigurationList section */
	};
	rootObject = 4385FE6C282D705900EAAD02 /* Project object */;
}
